<?xml version="1.0" encoding="utf-8"?>
<Project ToolsVersion="4.0" xmlns="http://schemas.microsoft.com/developer/msbuild/2003">
  <ItemGroup>
    <Filter Include="Source Files">
      <UniqueIdentifier>{4FC737F1-C7A5-4376-A066-2A32D752A2FF}</UniqueIdentifier>
      <Extensions>cpp;c;cc;cxx;c++;cppm;ixx;def;odl;idl;hpj;bat;asm;asmx</Extensions>
    </Filter>
    <Filter Include="Header Files">
      <UniqueIdentifier>{93995380-89BD-4b04-88EB-625FBE52EBFB}</UniqueIdentifier>
      <Extensions>h;hh;hpp;hxx;h++;hm;inl;inc;ipp;xsd</Extensions>
    </Filter>
    <Filter Include="Source Files\graphics">
      <UniqueIdentifier>{cc1c5000-0485-4786-a350-8f2fe6600d77}</UniqueIdentifier>
    </Filter>
    <Filter Include="Header Files\graphics">
      <UniqueIdentifier>{c6f2f889-cc11-43b3-a2fb-d252bb9918fc}</UniqueIdentifier>
    </Filter>
    <Filter Include="Source Files\core">
      <UniqueIdentifier>{5477e15d-3862-4ff0-acfc-7c346565e9e0}</UniqueIdentifier>
    </Filter>
    <Filter Include="Header Files\core">
      <UniqueIdentifier>{6c9b3137-1e63-4c47-aaab-874154760a71}</UniqueIdentifier>
    </Filter>
    <Filter Include="Source Files\core\components">
      <UniqueIdentifier>{bfc2689e-c8be-4e3d-b174-f978fa91d5d4}</UniqueIdentifier>
    </Filter>
    <Filter Include="Header Files\core\components">
      <UniqueIdentifier>{cb4dac23-4e9c-4c3f-aeb5-17b99df91cb3}</UniqueIdentifier>
    </Filter>
  </ItemGroup>
  <ItemGroup>
    <ClCompile Include="src\glad.c">
      <Filter>Source Files</Filter>
    </ClCompile>
    <ClCompile Include="src\Main.cpp">
      <Filter>Source Files</Filter>
    </ClCompile>
    <ClCompile Include="src\w3d\graphics\GLFW.cpp">
      <Filter>Source Files\graphics</Filter>
    </ClCompile>
    <ClCompile Include="src\w3d\graphics\Shader.cpp">
      <Filter>Source Files\graphics</Filter>
    </ClCompile>
    <ClCompile Include="src\w3d\graphics\Window.cpp">
      <Filter>Source Files\graphics</Filter>
    </ClCompile>
    <ClCompile Include="src\w3d\graphics\Texture.cpp">
      <Filter>Source Files\graphics</Filter>
    </ClCompile>
    <ClCompile Include="src\w3d\component\MainManager.cpp">
      <Filter>Source Files</Filter>
    </ClCompile>
    <ClCompile Include="src\w3d\component\Component.cpp">
      <Filter>Source Files\core</Filter>
    </ClCompile>
    <ClCompile Include="src\w3d\component\ComponentManager.cpp">
      <Filter>Source Files\core</Filter>
    </ClCompile>
    <ClCompile Include="src\w3d\component\Entity.cpp">
      <Filter>Source Files\core</Filter>
    </ClCompile>
    <ClCompile Include="src\w3d\component\EntityManager.cpp">
      <Filter>Source Files\core</Filter>
    </ClCompile>
    <ClCompile Include="src\components\BackAndForthCmpt.cpp">
      <Filter>Source Files\core\components</Filter>
    </ClCompile>
    <ClCompile Include="src\components\CubeCmpt.cpp">
      <Filter>Source Files\core\components</Filter>
    </ClCompile>
    <ClCompile Include="src\w3d\math\fVec3.cpp">
      <Filter>Source Files</Filter>
    </ClCompile>
    <ClCompile Include="src\w3d\math\fVec2.cpp">
      <Filter>Source Files</Filter>
    </ClCompile>
    <ClCompile Include="src\w3d\math\Transform.cpp">
      <Filter>Source Files</Filter>
    </ClCompile>
  </ItemGroup>
  <ItemGroup>
    <ClInclude Include="include\w3d\graphics\GLFW.h">
      <Filter>Header Files\graphics</Filter>
    </ClInclude>
    <ClInclude Include="include\w3d\graphics\Shader.h">
      <Filter>Header Files\graphics</Filter>
    </ClInclude>
    <ClInclude Include="include\w3d\graphics\Window.h">
      <Filter>Header Files\graphics</Filter>
    </ClInclude>
    <ClInclude Include="include\w3d\graphics\Texture.h">
      <Filter>Header Files\graphics</Filter>
    </ClInclude>
    <ClInclude Include="include\w3d\graphics\stb_image.h">
      <Filter>Header Files\graphics</Filter>
    </ClInclude>
    <ClInclude Include="include\w3d\component\Component.h">
      <Filter>Header Files\core</Filter>
    </ClInclude>
    <ClInclude Include="include\w3d\component\ComponentManager.h">
      <Filter>Header Files\core</Filter>
    </ClInclude>
    <ClInclude Include="include\w3d\DynamicList.h">
      <Filter>Header Files\core</Filter>
    </ClInclude>
    <ClInclude Include="include\w3d\component\Entity.h">
      <Filter>Header Files\core</Filter>
    </ClInclude>
    <ClInclude Include="include\w3d\component\EntityManager.h">
      <Filter>Header Files\core</Filter>
    </ClInclude>
    <ClInclude Include="include\components\TransformCmpt.h">
      <Filter>Header Files\core\components</Filter>
    </ClInclude>
    <ClInclude Include="include\components\BackAndForthCmpt.h">
      <Filter>Header Files\core\components</Filter>
    </ClInclude>
    <ClInclude Include="include\components\CubeCmpt.h">
      <Filter>Header Files\core\components</Filter>
    </ClInclude>
    <ClInclude Include="include\components\CameraControllerCmpt.h">
      <Filter>Header Files\core\components</Filter>
    </ClInclude>
    <ClInclude Include="include\w3d\graphics\Camera.h">
      <Filter>Header Files\core</Filter>
    </ClInclude>
    <ClInclude Include="include\components\InputListener.h">
      <Filter>Header Files\core\components</Filter>
    </ClInclude>
    <ClInclude Include="include\w3d\component\MainManager.h">
      <Filter>Header Files\core</Filter>
    </ClInclude>
    <ClInclude Include="include\components\KeyboardInput.h">
      <Filter>Header Files\core</Filter>
    </ClInclude>
    <ClInclude Include="include\components\MouseInput.h">
      <Filter>Header Files\core</Filter>
    </ClInclude>
    <ClInclude Include="include\components\LimitedLifeSpanCmpt.h">
      <Filter>Header Files\core\components</Filter>
    </ClInclude>
    <ClInclude Include="include\w3d\input\Keyboard.h">
      <Filter>Header Files</Filter>
    </ClInclude>
    <ClInclude Include="include\w3d\math\fVec3.h">
      <Filter>Header Files</Filter>
    </ClInclude>
    <ClInclude Include="include\w3d\math\Transform.h">
      <Filter>Header Files</Filter>
    </ClInclude>
    <ClInclude Include="include\w3d\math\fVec2.h">
      <Filter>Header Files</Filter>
    </ClInclude>
  </ItemGroup>
</Project>